// !$*UTF8*$!
{
	archiveVersion = 1;
	classes = {
	};
	objectVersion = 56;
	objects = {

/* Begin PBXBuildFile section */
		A53286562A14FE230007D208 /* AppDelegate.swift in Sources */ = {isa = PBXBuildFile; fileRef = A53286552A14FE230007D208 /* AppDelegate.swift */; };
		A53286582A14FE230007D208 /* SceneDelegate.swift in Sources */ = {isa = PBXBuildFile; fileRef = A53286572A14FE230007D208 /* SceneDelegate.swift */; };
		A532865F2A14FE230007D208 /* Assets.xcassets in Resources */ = {isa = PBXBuildFile; fileRef = A532865E2A14FE230007D208 /* Assets.xcassets */; };
		A53286622A14FE230007D208 /* LaunchScreen.storyboard in Resources */ = {isa = PBXBuildFile; fileRef = A53286602A14FE230007D208 /* LaunchScreen.storyboard */; };
		A532866D2A14FE230007D208 /* PlanetsAppTests.swift in Sources */ = {isa = PBXBuildFile; fileRef = A532866C2A14FE230007D208 /* PlanetsAppTests.swift */; };
		A53286772A14FE230007D208 /* PlanetsAppUITests.swift in Sources */ = {isa = PBXBuildFile; fileRef = A53286762A14FE230007D208 /* PlanetsAppUITests.swift */; };
		A53286792A14FE230007D208 /* PlanetsAppUITestsLaunchTests.swift in Sources */ = {isa = PBXBuildFile; fileRef = A53286782A14FE230007D208 /* PlanetsAppUITestsLaunchTests.swift */; };
		A53286872A1503390007D208 /* HomeViewController.swift in Sources */ = {isa = PBXBuildFile; fileRef = A53286852A1503390007D208 /* HomeViewController.swift */; };
		A53286882A1503390007D208 /* HomeViewController.xib in Resources */ = {isa = PBXBuildFile; fileRef = A53286862A1503390007D208 /* HomeViewController.xib */; };
		A532868B2A150EDF0007D208 /* Network.swift in Sources */ = {isa = PBXBuildFile; fileRef = A532868A2A150EDF0007D208 /* Network.swift */; };
		A532868E2A1562100007D208 /* DataModels.swift in Sources */ = {isa = PBXBuildFile; fileRef = A532868D2A1562100007D208 /* DataModels.swift */; };
		A53286922A178F9D0007D208 /* ViewModelProtocol.swift in Sources */ = {isa = PBXBuildFile; fileRef = A53286912A178F9D0007D208 /* ViewModelProtocol.swift */; };
		A53286962A1790370007D208 /* MVVMViewController.swift in Sources */ = {isa = PBXBuildFile; fileRef = A53286952A1790370007D208 /* MVVMViewController.swift */; };
		A53286982A17991B0007D208 /* HomeViewModel.swift in Sources */ = {isa = PBXBuildFile; fileRef = A53286972A17991B0007D208 /* HomeViewModel.swift */; };
		A532869A2A17C0610007D208 /* ThreadExtension.swift in Sources */ = {isa = PBXBuildFile; fileRef = A53286992A17C0610007D208 /* ThreadExtension.swift */; };
		A53286A72A17D4940007D208 /* PlanetTableViewCell.swift in Sources */ = {isa = PBXBuildFile; fileRef = A53286A52A17D4940007D208 /* PlanetTableViewCell.swift */; };
		A53286A82A17D4940007D208 /* PlanetTableViewCell.xib in Resources */ = {isa = PBXBuildFile; fileRef = A53286A62A17D4940007D208 /* PlanetTableViewCell.xib */; };
		A53286AB2A180B950007D208 /* ResidentCollectionViewCell.swift in Sources */ = {isa = PBXBuildFile; fileRef = A53286A92A180B950007D208 /* ResidentCollectionViewCell.swift */; };
		A53286AC2A180B950007D208 /* ResidentCollectionViewCell.xib in Resources */ = {isa = PBXBuildFile; fileRef = A53286AA2A180B950007D208 /* ResidentCollectionViewCell.xib */; };
		A53286AE2A1821050007D208 /* MVVMTableViewCell.swift in Sources */ = {isa = PBXBuildFile; fileRef = A53286AD2A1821050007D208 /* MVVMTableViewCell.swift */; };
		A53286B02A1821D50007D208 /* PlanetTableViewCellViewModel.swift in Sources */ = {isa = PBXBuildFile; fileRef = A53286AF2A1821D50007D208 /* PlanetTableViewCellViewModel.swift */; };
/* End PBXBuildFile section */

/* Begin PBXContainerItemProxy section */
		A53286692A14FE230007D208 /* PBXContainerItemProxy */ = {
			isa = PBXContainerItemProxy;
			containerPortal = A532864A2A14FE230007D208 /* Project object */;
			proxyType = 1;
			remoteGlobalIDString = A53286512A14FE230007D208;
			remoteInfo = PlanetsApp;
		};
		A53286732A14FE230007D208 /* PBXContainerItemProxy */ = {
			isa = PBXContainerItemProxy;
			containerPortal = A532864A2A14FE230007D208 /* Project object */;
			proxyType = 1;
			remoteGlobalIDString = A53286512A14FE230007D208;
			remoteInfo = PlanetsApp;
		};
/* End PBXContainerItemProxy section */

/* Begin PBXFileReference section */
		A53286522A14FE230007D208 /* PlanetsApp.app */ = {isa = PBXFileReference; explicitFileType = wrapper.application; includeInIndex = 0; path = PlanetsApp.app; sourceTree = BUILT_PRODUCTS_DIR; };
		A53286552A14FE230007D208 /* AppDelegate.swift */ = {isa = PBXFileReference; lastKnownFileType = sourcecode.swift; path = AppDelegate.swift; sourceTree = "<group>"; };
		A53286572A14FE230007D208 /* SceneDelegate.swift */ = {isa = PBXFileReference; lastKnownFileType = sourcecode.swift; path = SceneDelegate.swift; sourceTree = "<group>"; };
		A532865E2A14FE230007D208 /* Assets.xcassets */ = {isa = PBXFileReference; lastKnownFileType = folder.assetcatalog; path = Assets.xcassets; sourceTree = "<group>"; };
		A53286612A14FE230007D208 /* Base */ = {isa = PBXFileReference; lastKnownFileType = file.storyboard; name = Base; path = Base.lproj/LaunchScreen.storyboard; sourceTree = "<group>"; };
		A53286632A14FE230007D208 /* Info.plist */ = {isa = PBXFileReference; lastKnownFileType = text.plist.xml; path = Info.plist; sourceTree = "<group>"; };
		A53286682A14FE230007D208 /* PlanetsAppTests.xctest */ = {isa = PBXFileReference; explicitFileType = wrapper.cfbundle; includeInIndex = 0; path = PlanetsAppTests.xctest; sourceTree = BUILT_PRODUCTS_DIR; };
		A532866C2A14FE230007D208 /* PlanetsAppTests.swift */ = {isa = PBXFileReference; lastKnownFileType = sourcecode.swift; path = PlanetsAppTests.swift; sourceTree = "<group>"; };
		A53286722A14FE230007D208 /* PlanetsAppUITests.xctest */ = {isa = PBXFileReference; explicitFileType = wrapper.cfbundle; includeInIndex = 0; path = PlanetsAppUITests.xctest; sourceTree = BUILT_PRODUCTS_DIR; };
		A53286762A14FE230007D208 /* PlanetsAppUITests.swift */ = {isa = PBXFileReference; lastKnownFileType = sourcecode.swift; path = PlanetsAppUITests.swift; sourceTree = "<group>"; };
		A53286782A14FE230007D208 /* PlanetsAppUITestsLaunchTests.swift */ = {isa = PBXFileReference; lastKnownFileType = sourcecode.swift; path = PlanetsAppUITestsLaunchTests.swift; sourceTree = "<group>"; };
		A53286852A1503390007D208 /* HomeViewController.swift */ = {isa = PBXFileReference; lastKnownFileType = sourcecode.swift; path = HomeViewController.swift; sourceTree = "<group>"; };
		A53286862A1503390007D208 /* HomeViewController.xib */ = {isa = PBXFileReference; lastKnownFileType = file.xib; path = HomeViewController.xib; sourceTree = "<group>"; };
		A532868A2A150EDF0007D208 /* Network.swift */ = {isa = PBXFileReference; lastKnownFileType = sourcecode.swift; path = Network.swift; sourceTree = "<group>"; };
		A532868D2A1562100007D208 /* DataModels.swift */ = {isa = PBXFileReference; lastKnownFileType = sourcecode.swift; path = DataModels.swift; sourceTree = "<group>"; };
		A53286912A178F9D0007D208 /* ViewModelProtocol.swift */ = {isa = PBXFileReference; lastKnownFileType = sourcecode.swift; path = ViewModelProtocol.swift; sourceTree = "<group>"; };
		A53286952A1790370007D208 /* MVVMViewController.swift */ = {isa = PBXFileReference; lastKnownFileType = sourcecode.swift; path = MVVMViewController.swift; sourceTree = "<group>"; };
		A53286972A17991B0007D208 /* HomeViewModel.swift */ = {isa = PBXFileReference; lastKnownFileType = sourcecode.swift; path = HomeViewModel.swift; sourceTree = "<group>"; };
		A53286992A17C0610007D208 /* ThreadExtension.swift */ = {isa = PBXFileReference; lastKnownFileType = sourcecode.swift; path = ThreadExtension.swift; sourceTree = "<group>"; };
		A53286A52A17D4940007D208 /* PlanetTableViewCell.swift */ = {isa = PBXFileReference; lastKnownFileType = sourcecode.swift; path = PlanetTableViewCell.swift; sourceTree = "<group>"; };
		A53286A62A17D4940007D208 /* PlanetTableViewCell.xib */ = {isa = PBXFileReference; lastKnownFileType = file.xib; path = PlanetTableViewCell.xib; sourceTree = "<group>"; };
		A53286A92A180B950007D208 /* ResidentCollectionViewCell.swift */ = {isa = PBXFileReference; lastKnownFileType = sourcecode.swift; path = ResidentCollectionViewCell.swift; sourceTree = "<group>"; };
		A53286AA2A180B950007D208 /* ResidentCollectionViewCell.xib */ = {isa = PBXFileReference; lastKnownFileType = file.xib; path = ResidentCollectionViewCell.xib; sourceTree = "<group>"; };
		A53286AD2A1821050007D208 /* MVVMTableViewCell.swift */ = {isa = PBXFileReference; lastKnownFileType = sourcecode.swift; path = MVVMTableViewCell.swift; sourceTree = "<group>"; };
		A53286AF2A1821D50007D208 /* PlanetTableViewCellViewModel.swift */ = {isa = PBXFileReference; lastKnownFileType = sourcecode.swift; path = PlanetTableViewCellViewModel.swift; sourceTree = "<group>"; };
/* End PBXFileReference section */

/* Begin PBXFrameworksBuildPhase section */
		A532864F2A14FE230007D208 /* Frameworks */ = {
			isa = PBXFrameworksBuildPhase;
			buildActionMask = 2147483647;
			files = (
			);
			runOnlyForDeploymentPostprocessing = 0;
		};
		A53286652A14FE230007D208 /* Frameworks */ = {
			isa = PBXFrameworksBuildPhase;
			buildActionMask = 2147483647;
			files = (
			);
			runOnlyForDeploymentPostprocessing = 0;
		};
		A532866F2A14FE230007D208 /* Frameworks */ = {
			isa = PBXFrameworksBuildPhase;
			buildActionMask = 2147483647;
			files = (
			);
			runOnlyForDeploymentPostprocessing = 0;
		};
/* End PBXFrameworksBuildPhase section */

/* Begin PBXGroup section */
		A53286492A14FE230007D208 = {
			isa = PBXGroup;
			children = (
				A53286542A14FE230007D208 /* PlanetsApp */,
				A532866B2A14FE230007D208 /* PlanetsAppTests */,
				A53286752A14FE230007D208 /* PlanetsAppUITests */,
				A53286532A14FE230007D208 /* Products */,
			);
			sourceTree = "<group>";
		};
		A53286532A14FE230007D208 /* Products */ = {
			isa = PBXGroup;
			children = (
				A53286522A14FE230007D208 /* PlanetsApp.app */,
				A53286682A14FE230007D208 /* PlanetsAppTests.xctest */,
				A53286722A14FE230007D208 /* PlanetsAppUITests.xctest */,
			);
			name = Products;
			sourceTree = "<group>";
		};
		A53286542A14FE230007D208 /* PlanetsApp */ = {
			isa = PBXGroup;
			children = (
				A532868F2A178F640007D208 /* Framework */,
				A532868C2A1561A50007D208 /* Model */,
				A53286892A150E7A0007D208 /* Network */,
				A53286552A14FE230007D208 /* AppDelegate.swift */,
				A53286572A14FE230007D208 /* SceneDelegate.swift */,
				A532869B2A17D3D30007D208 /* Home */,
				A532865E2A14FE230007D208 /* Assets.xcassets */,
				A53286602A14FE230007D208 /* LaunchScreen.storyboard */,
				A53286632A14FE230007D208 /* Info.plist */,
			);
			path = PlanetsApp;
			sourceTree = "<group>";
		};
		A532866B2A14FE230007D208 /* PlanetsAppTests */ = {
			isa = PBXGroup;
			children = (
				A532866C2A14FE230007D208 /* PlanetsAppTests.swift */,
			);
			path = PlanetsAppTests;
			sourceTree = "<group>";
		};
		A53286752A14FE230007D208 /* PlanetsAppUITests */ = {
			isa = PBXGroup;
			children = (
				A53286762A14FE230007D208 /* PlanetsAppUITests.swift */,
				A53286782A14FE230007D208 /* PlanetsAppUITestsLaunchTests.swift */,
			);
			path = PlanetsAppUITests;
			sourceTree = "<group>";
		};
		A53286892A150E7A0007D208 /* Network */ = {
			isa = PBXGroup;
			children = (
				A532868A2A150EDF0007D208 /* Network.swift */,
			);
			path = Network;
			sourceTree = "<group>";
		};
		A532868C2A1561A50007D208 /* Model */ = {
			isa = PBXGroup;
			children = (
				A532868D2A1562100007D208 /* DataModels.swift */,
			);
			path = Model;
			sourceTree = "<group>";
		};
		A532868F2A178F640007D208 /* Framework */ = {
			isa = PBXGroup;
			children = (
				A53286902A178F7A0007D208 /* MVVM */,
				A53286992A17C0610007D208 /* ThreadExtension.swift */,
			);
			path = Framework;
			sourceTree = "<group>";
		};
		A53286902A178F7A0007D208 /* MVVM */ = {
			isa = PBXGroup;
			children = (
				A53286912A178F9D0007D208 /* ViewModelProtocol.swift */,
				A53286952A1790370007D208 /* MVVMViewController.swift */,
				A53286AD2A1821050007D208 /* MVVMTableViewCell.swift */,
			);
			path = MVVM;
			sourceTree = "<group>";
		};
		A532869B2A17D3D30007D208 /* Home */ = {
			isa = PBXGroup;
			children = (
				A53286A42A17D4550007D208 /* Cells */,
				A53286852A1503390007D208 /* HomeViewController.swift */,
				A53286862A1503390007D208 /* HomeViewController.xib */,
				A53286972A17991B0007D208 /* HomeViewModel.swift */,
			);
			path = Home;
			sourceTree = "<group>";
		};
		A53286A42A17D4550007D208 /* Cells */ = {
			isa = PBXGroup;
			children = (
				A53286A52A17D4940007D208 /* PlanetTableViewCell.swift */,
				A53286AF2A1821D50007D208 /* PlanetTableViewCellViewModel.swift */,
				A53286A62A17D4940007D208 /* PlanetTableViewCell.xib */,
				A53286A92A180B950007D208 /* ResidentCollectionViewCell.swift */,
				A53286AA2A180B950007D208 /* ResidentCollectionViewCell.xib */,
			);
			path = Cells;
			sourceTree = "<group>";
		};
/* End PBXGroup section */

/* Begin PBXNativeTarget section */
		A53286512A14FE230007D208 /* PlanetsApp */ = {
			isa = PBXNativeTarget;
			buildConfigurationList = A532867C2A14FE230007D208 /* Build configuration list for PBXNativeTarget "PlanetsApp" */;
			buildPhases = (
				A532864E2A14FE230007D208 /* Sources */,
				A532864F2A14FE230007D208 /* Frameworks */,
				A53286502A14FE230007D208 /* Resources */,
			);
			buildRules = (
			);
			dependencies = (
			);
			name = PlanetsApp;
			productName = PlanetsApp;
			productReference = A53286522A14FE230007D208 /* PlanetsApp.app */;
			productType = "com.apple.product-type.application";
		};
		A53286672A14FE230007D208 /* PlanetsAppTests */ = {
			isa = PBXNativeTarget;
			buildConfigurationList = A532867F2A14FE230007D208 /* Build configuration list for PBXNativeTarget "PlanetsAppTests" */;
			buildPhases = (
				A53286642A14FE230007D208 /* Sources */,
				A53286652A14FE230007D208 /* Frameworks */,
				A53286662A14FE230007D208 /* Resources */,
			);
			buildRules = (
			);
			dependencies = (
				A532866A2A14FE230007D208 /* PBXTargetDependency */,
			);
			name = PlanetsAppTests;
			productName = PlanetsAppTests;
			productReference = A53286682A14FE230007D208 /* PlanetsAppTests.xctest */;
			productType = "com.apple.product-type.bundle.unit-test";
		};
		A53286712A14FE230007D208 /* PlanetsAppUITests */ = {
			isa = PBXNativeTarget;
			buildConfigurationList = A53286822A14FE230007D208 /* Build configuration list for PBXNativeTarget "PlanetsAppUITests" */;
			buildPhases = (
				A532866E2A14FE230007D208 /* Sources */,
				A532866F2A14FE230007D208 /* Frameworks */,
				A53286702A14FE230007D208 /* Resources */,
			);
			buildRules = (
			);
			dependencies = (
				A53286742A14FE230007D208 /* PBXTargetDependency */,
			);
			name = PlanetsAppUITests;
			productName = PlanetsAppUITests;
			productReference = A53286722A14FE230007D208 /* PlanetsAppUITests.xctest */;
			productType = "com.apple.product-type.bundle.ui-testing";
		};
/* End PBXNativeTarget section */

/* Begin PBXProject section */
		A532864A2A14FE230007D208 /* Project object */ = {
			isa = PBXProject;
			attributes = {
				BuildIndependentTargetsInParallel = 1;
				LastSwiftUpdateCheck = 1420;
				LastUpgradeCheck = 1420;
				TargetAttributes = {
					A53286512A14FE230007D208 = {
						CreatedOnToolsVersion = 14.2;
					};
					A53286672A14FE230007D208 = {
						CreatedOnToolsVersion = 14.2;
						TestTargetID = A53286512A14FE230007D208;
					};
					A53286712A14FE230007D208 = {
						CreatedOnToolsVersion = 14.2;
						TestTargetID = A53286512A14FE230007D208;
					};
				};
			};
			buildConfigurationList = A532864D2A14FE230007D208 /* Build configuration list for PBXProject "PlanetsApp" */;
			compatibilityVersion = "Xcode 14.0";
			developmentRegion = en;
			hasScannedForEncodings = 0;
			knownRegions = (
				en,
				Base,
			);
			mainGroup = A53286492A14FE230007D208;
			productRefGroup = A53286532A14FE230007D208 /* Products */;
			projectDirPath = "";
			projectRoot = "";
			targets = (
				A53286512A14FE230007D208 /* PlanetsApp */,
				A53286672A14FE230007D208 /* PlanetsAppTests */,
				A53286712A14FE230007D208 /* PlanetsAppUITests */,
			);
		};
/* End PBXProject section */

/* Begin PBXResourcesBuildPhase section */
		A53286502A14FE230007D208 /* Resources */ = {
			isa = PBXResourcesBuildPhase;
			buildActionMask = 2147483647;
			files = (
				A53286622A14FE230007D208 /* LaunchScreen.storyboard in Resources */,
				A53286AC2A180B950007D208 /* ResidentCollectionViewCell.xib in Resources */,
				A532865F2A14FE230007D208 /* Assets.xcassets in Resources */,
				A53286882A1503390007D208 /* HomeViewController.xib in Resources */,
				A53286A82A17D4940007D208 /* PlanetTableViewCell.xib in Resources */,
			);
			runOnlyForDeploymentPostprocessing = 0;
		};
		A53286662A14FE230007D208 /* Resources */ = {
			isa = PBXResourcesBuildPhase;
			buildActionMask = 2147483647;
			files = (
			);
			runOnlyForDeploymentPostprocessing = 0;
		};
		A53286702A14FE230007D208 /* Resources */ = {
			isa = PBXResourcesBuildPhase;
			buildActionMask = 2147483647;
			files = (
			);
			runOnlyForDeploymentPostprocessing = 0;
		};
/* End PBXResourcesBuildPhase section */

/* Begin PBXSourcesBuildPhase section */
		A532864E2A14FE230007D208 /* Sources */ = {
			isa = PBXSourcesBuildPhase;
			buildActionMask = 2147483647;
			files = (
				A53286962A1790370007D208 /* MVVMViewController.swift in Sources */,
				A53286982A17991B0007D208 /* HomeViewModel.swift in Sources */,
				A53286562A14FE230007D208 /* AppDelegate.swift in Sources */,
				A53286AB2A180B950007D208 /* ResidentCollectionViewCell.swift in Sources */,
				A53286582A14FE230007D208 /* SceneDelegate.swift in Sources */,
				A53286922A178F9D0007D208 /* ViewModelProtocol.swift in Sources */,
				A532868B2A150EDF0007D208 /* Network.swift in Sources */,
				A53286AE2A1821050007D208 /* MVVMTableViewCell.swift in Sources */,
				A53286872A1503390007D208 /* HomeViewController.swift in Sources */,
				A532869A2A17C0610007D208 /* ThreadExtension.swift in Sources */,
				A53286B02A1821D50007D208 /* PlanetTableViewCellViewModel.swift in Sources */,
				A532868E2A1562100007D208 /* DataModels.swift in Sources */,
				A53286A72A17D4940007D208 /* PlanetTableViewCell.swift in Sources */,
			);
			runOnlyForDeploymentPostprocessing = 0;
		};
		A53286642A14FE230007D208 /* Sources */ = {
			isa = PBXSourcesBuildPhase;
			buildActionMask = 2147483647;
			files = (
				A532866D2A14FE230007D208 /* PlanetsAppTests.swift in Sources */,
			);
			runOnlyForDeploymentPostprocessing = 0;
		};
		A532866E2A14FE230007D208 /* Sources */ = {
			isa = PBXSourcesBuildPhase;
			buildActionMask = 2147483647;
			files = (
				A53286792A14FE230007D208 /* PlanetsAppUITestsLaunchTests.swift in Sources */,
				A53286772A14FE230007D208 /* PlanetsAppUITests.swift in Sources */,
			);
			runOnlyForDeploymentPostprocessing = 0;
		};
/* End PBXSourcesBuildPhase section */

/* Begin PBXTargetDependency section */
		A532866A2A14FE230007D208 /* PBXTargetDependency */ = {
			isa = PBXTargetDependency;
			target = A53286512A14FE230007D208 /* PlanetsApp */;
			targetProxy = A53286692A14FE230007D208 /* PBXContainerItemProxy */;
		};
		A53286742A14FE230007D208 /* PBXTargetDependency */ = {
			isa = PBXTargetDependency;
			target = A53286512A14FE230007D208 /* PlanetsApp */;
			targetProxy = A53286732A14FE230007D208 /* PBXContainerItemProxy */;
		};
/* End PBXTargetDependency section */

/* Begin PBXVariantGroup section */
		A53286602A14FE230007D208 /* LaunchScreen.storyboard */ = {
			isa = PBXVariantGroup;
			children = (
				A53286612A14FE230007D208 /* Base */,
			);
			name = LaunchScreen.storyboard;
			sourceTree = "<group>";
		};
/* End PBXVariantGroup section */

/* Begin XCBuildConfiguration section */
		A532867A2A14FE230007D208 /* Debug */ = {
			isa = XCBuildConfiguration;
			buildSettings = {
				ALWAYS_SEARCH_USER_PATHS = NO;
				CLANG_ANALYZER_NONNULL = YES;
				CLANG_ANALYZER_NUMBER_OBJECT_CONVERSION = YES_AGGRESSIVE;
				CLANG_CXX_LANGUAGE_STANDARD = "gnu++20";
				CLANG_ENABLE_MODULES = YES;
				CLANG_ENABLE_OBJC_ARC = YES;
				CLANG_ENABLE_OBJC_WEAK = YES;
				CLANG_WARN_BLOCK_CAPTURE_AUTORELEASING = YES;
				CLANG_WARN_BOOL_CONVERSION = YES;
				CLANG_WARN_COMMA = YES;
				CLANG_WARN_CONSTANT_CONVERSION = YES;
				CLANG_WARN_DEPRECATED_OBJC_IMPLEMENTATIONS = YES;
				CLANG_WARN_DIRECT_OBJC_ISA_USAGE = YES_ERROR;
				CLANG_WARN_DOCUMENTATION_COMMENTS = YES;
				CLANG_WARN_EMPTY_BODY = YES;
				CLANG_WARN_ENUM_CONVERSION = YES;
				CLANG_WARN_INFINITE_RECURSION = YES;
				CLANG_WARN_INT_CONVERSION = YES;
				CLANG_WARN_NON_LITERAL_NULL_CONVERSION = YES;
				CLANG_WARN_OBJC_IMPLICIT_RETAIN_SELF = YES;
				CLANG_WARN_OBJC_LITERAL_CONVERSION = YES;
				CLANG_WARN_OBJC_ROOT_CLASS = YES_ERROR;
				CLANG_WARN_QUOTED_INCLUDE_IN_FRAMEWORK_HEADER = YES;
				CLANG_WARN_RANGE_LOOP_ANALYSIS = YES;
				CLANG_WARN_STRICT_PROTOTYPES = YES;
				CLANG_WARN_SUSPICIOUS_MOVE = YES;
				CLANG_WARN_UNGUARDED_AVAILABILITY = YES_AGGRESSIVE;
				CLANG_WARN_UNREACHABLE_CODE = YES;
				CLANG_WARN__DUPLICATE_METHOD_MATCH = YES;
				COPY_PHASE_STRIP = NO;
				DEBUG_INFORMATION_FORMAT = dwarf;
				ENABLE_STRICT_OBJC_MSGSEND = YES;
				ENABLE_TESTABILITY = YES;
				GCC_C_LANGUAGE_STANDARD = gnu11;
				GCC_DYNAMIC_NO_PIC = NO;
				GCC_NO_COMMON_BLOCKS = YES;
				GCC_OPTIMIZATION_LEVEL = 0;
				GCC_PREPROCESSOR_DEFINITIONS = (
					"DEBUG=1",
					"$(inherited)",
				);
				GCC_WARN_64_TO_32_BIT_CONVERSION = YES;
				GCC_WARN_ABOUT_RETURN_TYPE = YES_ERROR;
				GCC_WARN_UNDECLARED_SELECTOR = YES;
				GCC_WARN_UNINITIALIZED_AUTOS = YES_AGGRESSIVE;
				GCC_WARN_UNUSED_FUNCTION = YES;
				GCC_WARN_UNUSED_VARIABLE = YES;
				IPHONEOS_DEPLOYMENT_TARGET = 16.2;
				MTL_ENABLE_DEBUG_INFO = INCLUDE_SOURCE;
				MTL_FAST_MATH = YES;
				ONLY_ACTIVE_ARCH = YES;
				SDKROOT = iphoneos;
				SWIFT_ACTIVE_COMPILATION_CONDITIONS = DEBUG;
				SWIFT_OPTIMIZATION_LEVEL = "-Onone";
			};
			name = Debug;
		};
		A532867B2A14FE230007D208 /* Release */ = {
			isa = XCBuildConfiguration;
			buildSettings = {
				ALWAYS_SEARCH_USER_PATHS = NO;
				CLANG_ANALYZER_NONNULL = YES;
				CLANG_ANALYZER_NUMBER_OBJECT_CONVERSION = YES_AGGRESSIVE;
				CLANG_CXX_LANGUAGE_STANDARD = "gnu++20";
				CLANG_ENABLE_MODULES = YES;
				CLANG_ENABLE_OBJC_ARC = YES;
				CLANG_ENABLE_OBJC_WEAK = YES;
				CLANG_WARN_BLOCK_CAPTURE_AUTORELEASING = YES;
				CLANG_WARN_BOOL_CONVERSION = YES;
				CLANG_WARN_COMMA = YES;
				CLANG_WARN_CONSTANT_CONVERSION = YES;
				CLANG_WARN_DEPRECATED_OBJC_IMPLEMENTATIONS = YES;
				CLANG_WARN_DIRECT_OBJC_ISA_USAGE = YES_ERROR;
				CLANG_WARN_DOCUMENTATION_COMMENTS = YES;
				CLANG_WARN_EMPTY_BODY = YES;
				CLANG_WARN_ENUM_CONVERSION = YES;
				CLANG_WARN_INFINITE_RECURSION = YES;
				CLANG_WARN_INT_CONVERSION = YES;
				CLANG_WARN_NON_LITERAL_NULL_CONVERSION = YES;
				CLANG_WARN_OBJC_IMPLICIT_RETAIN_SELF = YES;
				CLANG_WARN_OBJC_LITERAL_CONVERSION = YES;
				CLANG_WARN_OBJC_ROOT_CLASS = YES_ERROR;
				CLANG_WARN_QUOTED_INCLUDE_IN_FRAMEWORK_HEADER = YES;
				CLANG_WARN_RANGE_LOOP_ANALYSIS = YES;
				CLANG_WARN_STRICT_PROTOTYPES = YES;
				CLANG_WARN_SUSPICIOUS_MOVE = YES;
				CLANG_WARN_UNGUARDED_AVAILABILITY = YES_AGGRESSIVE;
				CLANG_WARN_UNREACHABLE_CODE = YES;
				CLANG_WARN__DUPLICATE_METHOD_MATCH = YES;
				COPY_PHASE_STRIP = NO;
				DEBUG_INFORMATION_FORMAT = "dwarf-with-dsym";
				ENABLE_NS_ASSERTIONS = NO;
				ENABLE_STRICT_OBJC_MSGSEND = YES;
				GCC_C_LANGUAGE_STANDARD = gnu11;
				GCC_NO_COMMON_BLOCKS = YES;
				GCC_WARN_64_TO_32_BIT_CONVERSION = YES;
				GCC_WARN_ABOUT_RETURN_TYPE = YES_ERROR;
				GCC_WARN_UNDECLARED_SELECTOR = YES;
				GCC_WARN_UNINITIALIZED_AUTOS = YES_AGGRESSIVE;
				GCC_WARN_UNUSED_FUNCTION = YES;
				GCC_WARN_UNUSED_VARIABLE = YES;
				IPHONEOS_DEPLOYMENT_TARGET = 16.2;
				MTL_ENABLE_DEBUG_INFO = NO;
				MTL_FAST_MATH = YES;
				SDKROOT = iphoneos;
				SWIFT_COMPILATION_MODE = wholemodule;
				SWIFT_OPTIMIZATION_LEVEL = "-O";
				VALIDATE_PRODUCT = YES;
			};
			name = Release;
		};
		A532867D2A14FE230007D208 /* Debug */ = {
			isa = XCBuildConfiguration;
			buildSettings = {
				ASSETCATALOG_COMPILER_APPICON_NAME = AppIcon;
				ASSETCATALOG_COMPILER_GLOBAL_ACCENT_COLOR_NAME = AccentColor;
				CODE_SIGN_STYLE = Automatic;
				CURRENT_PROJECT_VERSION = 1;
				GENERATE_INFOPLIST_FILE = YES;
				INFOPLIST_FILE = PlanetsApp/Info.plist;
				INFOPLIST_KEY_UIApplicationSupportsIndirectInputEvents = YES;
				INFOPLIST_KEY_UILaunchStoryboardName = LaunchScreen;
				INFOPLIST_KEY_UIMainStoryboardFile = "";
				INFOPLIST_KEY_UISupportedInterfaceOrientations_iPad = "UIInterfaceOrientationPortrait UIInterfaceOrientationPortraitUpsideDown UIInterfaceOrientationLandscapeLeft UIInterfaceOrientationLandscapeRight";
				INFOPLIST_KEY_UISupportedInterfaceOrientations_iPhone = "UIInterfaceOrientationPortrait UIInterfaceOrientationLandscapeLeft UIInterfaceOrientationLandscapeRight";
				IPHONEOS_DEPLOYMENT_TARGET = 15.0;
				LD_RUNPATH_SEARCH_PATHS = (
					"$(inherited)",
					"@executable_path/Frameworks",
				);
				MARKETING_VERSION = 1.0;
				PRODUCT_BUNDLE_IDENTIFIER = me.PlanetsApp;
				PRODUCT_NAME = "$(TARGET_NAME)";
				SWIFT_EMIT_LOC_STRINGS = YES;
				SWIFT_VERSION = 5.0;
				TARGETED_DEVICE_FAMILY = "1,2";
			};
			name = Debug;
		};
		A532867E2A14FE230007D208 /* Release */ = {
			isa = XCBuildConfiguration;
			buildSettings = {
				ASSETCATALOG_COMPILER_APPICON_NAME = AppIcon;
				ASSETCATALOG_COMPILER_GLOBAL_ACCENT_COLOR_NAME = AccentColor;
				CODE_SIGN_STYLE = Automatic;
				CURRENT_PROJECT_VERSION = 1;
				GENERATE_INFOPLIST_FILE = YES;
				INFOPLIST_FILE = PlanetsApp/Info.plist;
				INFOPLIST_KEY_UIApplicationSupportsIndirectInputEvents = YES;
				INFOPLIST_KEY_UILaunchStoryboardName = LaunchScreen;
				INFOPLIST_KEY_UIMainStoryboardFile = "";
				INFOPLIST_KEY_UISupportedInterfaceOrientations_iPad = "UIInterfaceOrientationPortrait UIInterfaceOrientationPortraitUpsideDown UIInterfaceOrientationLandscapeLeft UIInterfaceOrientationLandscapeRight";
				INFOPLIST_KEY_UISupportedInterfaceOrientations_iPhone = "UIInterfaceOrientationPortrait UIInterfaceOrientationLandscapeLeft UIInterfaceOrientationLandscapeRight";
				IPHONEOS_DEPLOYMENT_TARGET = 15.0;
				LD_RUNPATH_SEARCH_PATHS = (
					"$(inherited)",
					"@executable_path/Frameworks",
				);
				MARKETING_VERSION = 1.0;
				PRODUCT_BUNDLE_IDENTIFIER = me.PlanetsApp;
				PRODUCT_NAME = "$(TARGET_NAME)";
				SWIFT_EMIT_LOC_STRINGS = YES;
				SWIFT_VERSION = 5.0;
				TARGETED_DEVICE_FAMILY = "1,2";
			};
			name = Release;
		};
		A53286802A14FE230007D208 /* Debug */ = {
			isa = XCBuildConfiguration;
			buildSettings = {
				ALWAYS_EMBED_SWIFT_STANDARD_LIBRARIES = YES;
				BUNDLE_LOADER = "$(TEST_HOST)";
				CODE_SIGN_STYLE = Automatic;
				CURRENT_PROJECT_VERSION = 1;
				GENERATE_INFOPLIST_FILE = YES;
				IPHONEOS_DEPLOYMENT_TARGET = 16.2;
				MARKETING_VERSION = 1.0;
				PRODUCT_BUNDLE_IDENTIFIER = me.PlanetsAppTests;
				PRODUCT_NAME = "$(TARGET_NAME)";
				SWIFT_EMIT_LOC_STRINGS = NO;
				SWIFT_VERSION = 5.0;
				TARGETED_DEVICE_FAMILY = "1,2";
				TEST_HOST = "$(BUILT_PRODUCTS_DIR)/PlanetsApp.app/$(BUNDLE_EXECUTABLE_FOLDER_PATH)/PlanetsApp";
			};
			name = Debug;
		};
		A53286812A14FE230007D208 /* Release */ = {
			isa = XCBuildConfiguration;
			buildSettings = {
				ALWAYS_EMBED_SWIFT_STANDARD_LIBRARIES = YES;
				BUNDLE_LOADER = "$(TEST_HOST)";
				CODE_SIGN_STYLE = Automatic;
				CURRENT_PROJECT_VERSION = 1;
				GENERATE_INFOPLIST_FILE = YES;
				IPHONEOS_DEPLOYMENT_TARGET = 16.2;
				MARKETING_VERSION = 1.0;
				PRODUCT_BUNDLE_IDENTIFIER = me.PlanetsAppTests;
				PRODUCT_NAME = "$(TARGET_NAME)";
				SWIFT_EMIT_LOC_STRINGS = NO;
				SWIFT_VERSION = 5.0;
				TARGETED_DEVICE_FAMILY = "1,2";
				TEST_HOST = "$(BUILT_PRODUCTS_DIR)/PlanetsApp.app/$(BUNDLE_EXECUTABLE_FOLDER_PATH)/PlanetsApp";
			};
			name = Release;
		};
		A53286832A14FE230007D208 /* Debug */ = {
			isa = XCBuildConfiguration;
			buildSettings = {
				ALWAYS_EMBED_SWIFT_STANDARD_LIBRARIES = YES;
				CODE_SIGN_STYLE = Automatic;
				CURRENT_PROJECT_VERSION = 1;
				GENERATE_INFOPLIST_FILE = YES;
				MARKETING_VERSION = 1.0;
				PRODUCT_BUNDLE_IDENTIFIER = me.PlanetsAppUITests;
				PRODUCT_NAME = "$(TARGET_NAME)";
				SWIFT_EMIT_LOC_STRINGS = NO;
				SWIFT_VERSION = 5.0;
				TARGETED_DEVICE_FAMILY = "1,2";
				TEST_TARGET_NAME = PlanetsApp;
			};
			name = Debug;
		};
		A53286842A14FE230007D208 /* Release */ = {
			isa = XCBuildConfiguration;
			buildSettings = {
				ALWAYS_EMBED_SWIFT_STANDARD_LIBRARIES = YES;
				CODE_SIGN_STYLE = Automatic;
				CURRENT_PROJECT_VERSION = 1;
				GENERATE_INFOPLIST_FILE = YES;
				MARKETING_VERSION = 1.0;
				PRODUCT_BUNDLE_IDENTIFIER = me.PlanetsAppUITests;
				PRODUCT_NAME = "$(TARGET_NAME)";
				SWIFT_EMIT_LOC_STRINGS = NO;
				SWIFT_VERSION = 5.0;
				TARGETED_DEVICE_FAMILY = "1,2";
				TEST_TARGET_NAME = PlanetsApp;
			};
			name = Release;
		};
/* End XCBuildConfiguration section */

/* Begin XCConfigurationList section */
		A532864D2A14FE230007D208 /* Build configuration list for PBXProject "PlanetsApp" */ = {
			isa = XCConfigurationList;
			buildConfigurations = (
				A532867A2A14FE230007D208 /* Debug */,
				A532867B2A14FE230007D208 /* Release */,
			);
			defaultConfigurationIsVisible = 0;
			defaultConfigurationName = Release;
		};
		A532867C2A14FE230007D208 /* Build configuration list for PBXNativeTarget "PlanetsApp" */ = {
			isa = XCConfigurationList;
			buildConfigurations = (
				A532867D2A14FE230007D208 /* Debug */,
				A532867E2A14FE230007D208 /* Release */,
			);
			defaultConfigurationIsVisible = 0;
			defaultConfigurationName = Release;
		};
		A532867F2A14FE230007D208 /* Build configuration list for PBXNativeTarget "PlanetsAppTests" */ = {
			isa = XCConfigurationList;
			buildConfigurations = (
				A53286802A14FE230007D208 /* Debug */,
				A53286812A14FE230007D208 /* Release */,
			);
			defaultConfigurationIsVisible = 0;
			defaultConfigurationName = Release;
		};
		A53286822A14FE230007D208 /* Build configuration list for PBXNativeTarget "PlanetsAppUITests" */ = {
			isa = XCConfigurationList;
			buildConfigurations = (
				A53286832A14FE230007D208 /* Debug */,
				A53286842A14FE230007D208 /* Release */,
			);
			defaultConfigurationIsVisible = 0;
			defaultConfigurationName = Release;
		};
/* End XCConfigurationList section */
	};
	rootObject = A532864A2A14FE230007D208 /* Project object */;
}
